
Microsoft Visual Studio Solution File, Format Version 12.00
# Visual Studio Version 17
VisualStudioVersion = 17.12.35527.113 d17.12
MinimumVisualStudioVersion = 10.0.40219.1
Project("{FAE04EC0-301F-11D3-BF4B-00C04F79EFBC}") = "Task1", "ConsoleApp1\Task1.csproj", "{3FA34F83-AC0A-4730-A4CA-E92F5E04427E}"
EndProject
Project("{FAE04EC0-301F-11D3-BF4B-00C04F79EFBC}") = "Task2", "Task2\Task2.csproj", "{BD7E3803-FF1A-4175-83C3-7BCE24E94F42}"
EndProject
Project("{FAE04EC0-301F-11D3-BF4B-00C04F79EFBC}") = "Task3", "Task3\Task3.csproj", "{BAC2B8BE-DF96-45D1-A29D-619C0406E02A}"
EndProject
Global
	GlobalSection(SolutionConfigurationPlatforms) = preSolution
		Debug|Any CPU = Debug|Any CPU
		Release|Any CPU = Release|Any CPU
	EndGlobalSection
	GlobalSection(ProjectConfigurationPlatforms) = postSolution
		{3FA34F83-AC0A-4730-A4CA-E92F5E04427E}.Debug|Any CPU.ActiveCfg = Debug|Any CPU
		{3FA34F83-AC0A-4730-A4CA-E92F5E04427E}.Debug|Any CPU.Build.0 = Debug|Any CPU
		{3FA34F83-AC0A-4730-A4CA-E92F5E04427E}.Release|Any CPU.ActiveCfg = Release|Any CPU
		{3FA34F83-AC0A-4730-A4CA-E92F5E04427E}.Release|Any CPU.Build.0 = Release|Any CPU
		{BD7E3803-FF1A-4175-83C3-7BCE24E94F42}.Debug|Any CPU.ActiveCfg = Debug|Any CPU
		{BD7E3803-FF1A-4175-83C3-7BCE24E94F42}.Debug|Any CPU.Build.0 = Debug|Any CPU
		{BD7E3803-FF1A-4175-83C3-7BCE24E94F42}.Release|Any CPU.ActiveCfg = Release|Any CPU
		{BD7E3803-FF1A-4175-83C3-7BCE24E94F42}.Release|Any CPU.Build.0 = Release|Any CPU
		{BAC2B8BE-DF96-45D1-A29D-619C0406E02A}.Debug|Any CPU.ActiveCfg = Debug|Any CPU
		{BAC2B8BE-DF96-45D1-A29D-619C0406E02A}.Debug|Any CPU.Build.0 = Debug|Any CPU
		{BAC2B8BE-DF96-45D1-A29D-619C0406E02A}.Release|Any CPU.ActiveCfg = Release|Any CPU
		{BAC2B8BE-DF96-45D1-A29D-619C0406E02A}.Release|Any CPU.Build.0 = Release|Any CPU
	EndGlobalSection
	GlobalSection(SolutionProperties) = preSolution
		HideSolutionNode = FALSE
	EndGlobalSection
EndGlobal
